<?xml version="1.0" encoding="utf-8"?>
<Project ToolsVersion="4.0" xmlns="http://schemas.microsoft.com/developer/msbuild/2003">
  <ItemGroup>
    <Filter Include="Main">
      <UniqueIdentifier>{56cfc0a8-4113-4fdc-a886-cbd2a3deb327}</UniqueIdentifier>
    </Filter>
    <Filter Include="Util">
      <UniqueIdentifier>{254ef77f-0d22-4a03-9acd-db7552ef0d19}</UniqueIdentifier>
    </Filter>
    <Filter Include="Main\Packet">
      <UniqueIdentifier>{5a8accc2-f442-4fcf-9d33-9fd118a16dde}</UniqueIdentifier>
    </Filter>
  </ItemGroup>
  <ItemGroup>
    <ClCompile Include="main.cpp">
      <Filter>Main</Filter>
    </ClCompile>
    <ClCompile Include="ClientPacketHandler.cpp">
      <Filter>Main\Packet</Filter>
    </ClCompile>
  </ItemGroup>
  <ItemGroup>
    <ClInclude Include="pch.h">
      <Filter>Util</Filter>
    </ClInclude>
    <ClInclude Include="ClientPacketHandler.h">
      <Filter>Main\Packet</Filter>
    </ClInclude>
  </ItemGroup>
</Project>