<?xml version="1.0" encoding="utf-8"?>
<Project ToolsVersion="4.0" xmlns="http://schemas.microsoft.com/developer/msbuild/2003">
  <ItemGroup>
    <Filter Include="Main">
      <UniqueIdentifier>{2ccf9703-14f0-45cf-bce3-feb0843c294f}</UniqueIdentifier>
    </Filter>
    <Filter Include="Utils">
      <UniqueIdentifier>{527f1acf-ee49-4a52-9663-a597cf72a609}</UniqueIdentifier>
    </Filter>
    <Filter Include="Main\Packet">
      <UniqueIdentifier>{eb517d8f-fd2c-4132-a880-ea38d80d6981}</UniqueIdentifier>
    </Filter>
  </ItemGroup>
  <ItemGroup>
    <ClCompile Include="main.cpp">
      <Filter>Main</Filter>
    </ClCompile>
    <ClCompile Include="ServerPacketHandler.cpp">
      <Filter>Main\Packet</Filter>
    </ClCompile>
    <ClCompile Include="MainServer.cpp">
      <Filter>Main</Filter>
    </ClCompile>
    <ClCompile Include="SessionManager.cpp">
      <Filter>Main</Filter>
    </ClCompile>
    <ClCompile Include="Session.cpp">
      <Filter>Main</Filter>
    </ClCompile>
  </ItemGroup>
  <ItemGroup>
    <ClInclude Include="pch.h">
      <Filter>Utils</Filter>
    </ClInclude>
    <ClInclude Include="ServerPacketHandler.h">
      <Filter>Main\Packet</Filter>
    </ClInclude>
    <ClInclude Include="MainServer.h">
      <Filter>Main</Filter>
    </ClInclude>
    <ClInclude Include="SessionManager.h">
      <Filter>Main</Filter>
    </ClInclude>
    <ClInclude Include="Session.h">
      <Filter>Main</Filter>
    </ClInclude>
  </ItemGroup>
</Project>